# THIS IS AN AUTOGENERATED FILE. DO NOT EDIT THIS FILE DIRECTLY.
# yarn lockfile v1


"@types/aws-lambda@^8.10.64":
  version "8.10.64"
  resolved "https://registry.yarnpkg.com/@types/aws-lambda/-/aws-lambda-8.10.64.tgz#4bdcb725aef96bef0cb1decf19c7efff1df22fe7"
  integrity sha512-LRKk2UQCSi7BsO5TlfSI8cTNpOGz+MH6+RXEWtuZmxJficQgxwEYJDiKVirzgyiHce0L0F4CqCVvKTwblAeOUw==

"@types/node@^14.14.9":
  version "14.14.9"
  resolved "https://registry.yarnpkg.com/@types/node/-/node-14.14.9.tgz#04afc9a25c6ff93da14deabd65dc44485b53c8d6"
  integrity sha512-JsoLXFppG62tWTklIoO4knA+oDTYsmqWxHRvd4lpmfQRNhX6osheUOWETP2jMoV/2bEHuMra8Pp3Dmo/stBFcw==

typescript@^4.1.2:
  version "4.1.2"
  resolved "https://registry.yarnpkg.com/typescript/-/typescript-4.1.2.tgz#6369ef22516fe5e10304aae5a5c4862db55380e9"
  integrity sha512-thGloWsGH3SOxv1SoY7QojKi0tc+8FnOmiarEGMbd/lar7QOEd3hvlx3Fp5y6FlDUGl9L+pd4n2e+oToGMmhRQ==
